Microsoft Visual Studio Solution File, Format Version 11.00
# Visual Studio 2008

Project("{B0E1763A-A07C-ECAC-590F-805D4822F71C}") = "Exercise 3", "Assembly-CSharp.csproj", "{0147A310-A0ED-C29B-D056-164DBA393BF9}"
EndProject
Global
	GlobalSection(SolutionConfigurationPlatforms) = preSolution
		Debug|Any CPU = Debug|Any CPU
		Release|Any CPU = Release|Any CPU
	EndGlobalSection
	GlobalSection(ProjectConfigurationPlatforms) = postSolution
		{0147A310-A0ED-C29B-D056-164DBA393BF9}.Debug|Any CPU.ActiveCfg = Debug|Any CPU
		{0147A310-A0ED-C29B-D056-164DBA393BF9}.Debug|Any CPU.Build.0 = Debug|Any CPU
		{0147A310-A0ED-C29B-D056-164DBA393BF9}.Release|Any CPU.ActiveCfg = Release|Any CPU
		{0147A310-A0ED-C29B-D056-164DBA393BF9}.Release|Any CPU.Build.0 = Release|Any CPU
	EndGlobalSection
	GlobalSection(SolutionProperties) = preSolution
		HideSolutionNode = FALSE
	EndGlobalSection
	GlobalSection(MonoDevelopProperties) = preSolution
		StartupItem = Assembly-CSharp.csproj
	EndGlobalSection
EndGlobal
